PODS:
  - Flutter (1.0.0)
  - flutter_video_cast (0.0.1):
    - Flutter
    - google-cast-sdk-no-bluetooth
  - google-cast-sdk-no-bluetooth (4.4.8):
    - google-cast-sdk-no-bluetooth/Core (= 4.4.8)
    - GTMSessionFetcher/Core (~> 1.0)
    - Protobuf (~> 3.12)
  - google-cast-sdk-no-bluetooth/Core (4.4.8):
    - GTMSessionFetcher/Core (~> 1.0)
    - Protobuf (~> 3.12)
  - GTMSessionFetcher/Core (1.4.0)
  - Protobuf (3.12.0)

DEPENDENCIES:
  - Flutter (from `Flutter`)
  - flutter_video_cast (from `.symlinks/plugins/flutter_video_cast/ios`)

SPEC REPOS:
  trunk:
    - google-cast-sdk-no-bluetooth
    - GTMSessionFetcher
    - Protobuf

EXTERNAL SOURCES:
  Flutter:
    :path: Flutter
  flutter_video_cast:
    :path: ".symlinks/plugins/flutter_video_cast/ios"

SPEC CHECKSUMS:
  Flutter: 434fef37c0980e73bb6479ef766c45957d4b510c
  flutter_video_cast: f83031b564b79903bc4702165d995ba774bdefe4
  google-cast-sdk-no-bluetooth: d5a60530c72b0907fb302d835952b6cb0ba5f128
  GTMSessionFetcher: 6f5c8abbab8a9bce4bb3f057e317728ec6182b10
  Protobuf: 2793fcd0622a00b546c60e7cbbcc493e043e9bb9

PODFILE CHECKSUM: aafe91acc616949ddb318b77800a7f51bffa2a4c

COCOAPODS: 1.10.0
